
Microsoft Visual Studio Solution File, Format Version 12.00
Project("{FAE04EC0-301F-11D3-BF4B-00C04F79EFBC}") = "RateLimiter", "src\RateLimiter\RateLimiter.csproj", "{A8C00395-DB42-4A8C-88CC-0FB4C6486DD5}"
EndProject
Project("{FAE04EC0-301F-11D3-BF4B-00C04F79EFBC}") = "RateLimiter.UnitTest", "test\RateLimiter.UnitTest\RateLimiter.UnitTest.csproj", "{7FD82F13-CF95-4B03-8EAF-EEF65090F000}"
EndProject
Project("{2150E333-8FDC-42A3-9474-1A3956D46DE8}") = "Test", "Test", "{28DA6C1C-F078-422C-8F66-3E326611E2C8}"
EndProject
Project("{FAE04EC0-301F-11D3-BF4B-00C04F79EFBC}") = "RateLimiter.Example", "examples\RateLimiter.Example\RateLimiter.Example.csproj", "{08EBF51A-6214-4F71-845A-95E861F69C80}"
EndProject
Project("{2150E333-8FDC-42A3-9474-1A3956D46DE8}") = "Examples", "Examples", "{707948A5-4BAB-4F19-9A95-BB38B1218BF9}"
EndProject
Global
	GlobalSection(SolutionConfigurationPlatforms) = preSolution
		Debug|Any CPU = Debug|Any CPU
		Release|Any CPU = Release|Any CPU
	EndGlobalSection
	GlobalSection(ProjectConfigurationPlatforms) = postSolution
		{A8C00395-DB42-4A8C-88CC-0FB4C6486DD5}.Debug|Any CPU.ActiveCfg = Debug|Any CPU
		{A8C00395-DB42-4A8C-88CC-0FB4C6486DD5}.Debug|Any CPU.Build.0 = Debug|Any CPU
		{A8C00395-DB42-4A8C-88CC-0FB4C6486DD5}.Release|Any CPU.ActiveCfg = Release|Any CPU
		{A8C00395-DB42-4A8C-88CC-0FB4C6486DD5}.Release|Any CPU.Build.0 = Release|Any CPU
		{7FD82F13-CF95-4B03-8EAF-EEF65090F000}.Debug|Any CPU.ActiveCfg = Debug|Any CPU
		{7FD82F13-CF95-4B03-8EAF-EEF65090F000}.Debug|Any CPU.Build.0 = Debug|Any CPU
		{7FD82F13-CF95-4B03-8EAF-EEF65090F000}.Release|Any CPU.ActiveCfg = Release|Any CPU
		{7FD82F13-CF95-4B03-8EAF-EEF65090F000}.Release|Any CPU.Build.0 = Release|Any CPU
		{08EBF51A-6214-4F71-845A-95E861F69C80}.Debug|Any CPU.ActiveCfg = Debug|Any CPU
		{08EBF51A-6214-4F71-845A-95E861F69C80}.Debug|Any CPU.Build.0 = Debug|Any CPU
		{08EBF51A-6214-4F71-845A-95E861F69C80}.Release|Any CPU.ActiveCfg = Release|Any CPU
		{08EBF51A-6214-4F71-845A-95E861F69C80}.Release|Any CPU.Build.0 = Release|Any CPU
	EndGlobalSection
	GlobalSection(NestedProjects) = preSolution
		{7FD82F13-CF95-4B03-8EAF-EEF65090F000} = {28DA6C1C-F078-422C-8F66-3E326611E2C8}
		{08EBF51A-6214-4F71-845A-95E861F69C80} = {707948A5-4BAB-4F19-9A95-BB38B1218BF9}
	EndGlobalSection
EndGlobal
